
Microsoft Visual Studio Solution File, Format Version 12.00
# Visual Studio Version 17
VisualStudioVersion = 17.8.34330.188
MinimumVisualStudioVersion = 10.0.40219.1
Project("{9A19103F-16F7-4668-BE54-9A1E7A4F7556}") = "AvaloniaDragDropDemo", "AvaloniaDragDropDemo\AvaloniaDragDropDemo.csproj", "{65DAB40E-526D-44DA-A3E3-519B74B0D6A8}"
EndProject
Project("{9A19103F-16F7-4668-BE54-9A1E7A4F7556}") = "AvaloniaDragDropDemo.Desktop", "AvaloniaDragDropDemo.Desktop\AvaloniaDragDropDemo.Desktop.csproj", "{BC55FE35-D64F-4D3F-8C28-5820F1AF0C20}"
EndProject
Global
	GlobalSection(SolutionConfigurationPlatforms) = preSolution
		Debug|Any CPU = Debug|Any CPU
		Release|Any CPU = Release|Any CPU
	EndGlobalSection
	GlobalSection(ProjectConfigurationPlatforms) = postSolution
		{65DAB40E-526D-44DA-A3E3-519B74B0D6A8}.Debug|Any CPU.ActiveCfg = Debug|Any CPU
		{65DAB40E-526D-44DA-A3E3-519B74B0D6A8}.Debug|Any CPU.Build.0 = Debug|Any CPU
		{65DAB40E-526D-44DA-A3E3-519B74B0D6A8}.Release|Any CPU.ActiveCfg = Release|Any CPU
		{65DAB40E-526D-44DA-A3E3-519B74B0D6A8}.Release|Any CPU.Build.0 = Release|Any CPU
		{BC55FE35-D64F-4D3F-8C28-5820F1AF0C20}.Debug|Any CPU.ActiveCfg = Debug|Any CPU
		{BC55FE35-D64F-4D3F-8C28-5820F1AF0C20}.Debug|Any CPU.Build.0 = Debug|Any CPU
		{BC55FE35-D64F-4D3F-8C28-5820F1AF0C20}.Release|Any CPU.ActiveCfg = Release|Any CPU
		{BC55FE35-D64F-4D3F-8C28-5820F1AF0C20}.Release|Any CPU.Build.0 = Release|Any CPU
	EndGlobalSection
	GlobalSection(SolutionProperties) = preSolution
		HideSolutionNode = FALSE
	EndGlobalSection
	GlobalSection(ExtensibilityGlobals) = postSolution
		SolutionGuid = {161DE844-4ACE-443A-9CDA-E4FBEDBC8BD8}
	EndGlobalSection
EndGlobal
